
Microsoft Visual Studio Solution File, Format Version 12.00
# Visual Studio Version 17
VisualStudioVersion = 17.0.32126.317
MinimumVisualStudioVersion = 10.0.40219.1
Project("{FAE04EC0-301F-11D3-BF4B-00C04F79EFBC}") = "DiscordCustomizationBot", "DiscordCustomizationBot\DiscordCustomizationBot.csproj", "{C5C96758-1B9F-44BE-9B89-526F12A9D5E7}"
EndProject
Global
	GlobalSection(SolutionConfigurationPlatforms) = preSolution
		Debug|Any CPU = Debug|Any CPU
		Release|Any CPU = Release|Any CPU
	EndGlobalSection
	GlobalSection(ProjectConfigurationPlatforms) = postSolution
		{C5C96758-1B9F-44BE-9B89-526F12A9D5E7}.Debug|Any CPU.ActiveCfg = Debug|Any CPU
		{C5C96758-1B9F-44BE-9B89-526F12A9D5E7}.Debug|Any CPU.Build.0 = Debug|Any CPU
		{C5C96758-1B9F-44BE-9B89-526F12A9D5E7}.Release|Any CPU.ActiveCfg = Release|Any CPU
		{C5C96758-1B9F-44BE-9B89-526F12A9D5E7}.Release|Any CPU.Build.0 = Release|Any CPU
	EndGlobalSection
	GlobalSection(SolutionProperties) = preSolution
		HideSolutionNode = FALSE
	EndGlobalSection
	GlobalSection(ExtensibilityGlobals) = postSolution
		SolutionGuid = {A517E8D2-5087-4AA3-B781-AFEAA37CB301}
	EndGlobalSection
EndGlobal
